// !$*UTF8*$!
{
	archiveVersion = 1;
	classes = {
	};
	objectVersion = 51;
	objects = {

/* Begin PBXBuildFile section */
		2EF475E1CD122EB2A0D250C7 /* Pods_EatList.framework in Frameworks */ = {isa = PBXBuildFile; fileRef = 4E2759F0D26129D862409D1A /* Pods_EatList.framework */; };
		4FAF2702259A2F5C00218656 /* AppDelegate.swift in Sources */ = {isa = PBXBuildFile; fileRef = 4FAF2701259A2F5C00218656 /* AppDelegate.swift */; };
		4FAF2704259A2F5C00218656 /* SceneDelegate.swift in Sources */ = {isa = PBXBuildFile; fileRef = 4FAF2703259A2F5C00218656 /* SceneDelegate.swift */; };
		4FAF270B259A2F5D00218656 /* Assets.xcassets in Resources */ = {isa = PBXBuildFile; fileRef = 4FAF270A259A2F5D00218656 /* Assets.xcassets */; };
		4FAF270E259A2F5D00218656 /* LaunchScreen.storyboard in Resources */ = {isa = PBXBuildFile; fileRef = 4FAF270C259A2F5D00218656 /* LaunchScreen.storyboard */; };
		4FAF271E259A34C200218656 /* EatListViewController.swift in Sources */ = {isa = PBXBuildFile; fileRef = 4FAF271D259A34C200218656 /* EatListViewController.swift */; };
		4FAF2721259A34D100218656 /* TargetDetailsViewController.swift in Sources */ = {isa = PBXBuildFile; fileRef = 4FAF2720259A34D100218656 /* TargetDetailsViewController.swift */; };
		4FAF2725259A357A00218656 /* Coordinator.swift in Sources */ = {isa = PBXBuildFile; fileRef = 4FAF2724259A357A00218656 /* Coordinator.swift */; };
		4FAF272A259A35AF00218656 /* MainCoordinator.swift in Sources */ = {isa = PBXBuildFile; fileRef = 4FAF2729259A35AF00218656 /* MainCoordinator.swift */; };
		4FAF2736259A3A0500218656 /* R.generated.swift in Sources */ = {isa = PBXBuildFile; fileRef = 4FAF2735259A3A0500218656 /* R.generated.swift */; };
/* End PBXBuildFile section */

/* Begin PBXFileReference section */
		0D385FB4DAE7614D5ADEB5C3 /* Pods-EatList.release.xcconfig */ = {isa = PBXFileReference; includeInIndex = 1; lastKnownFileType = text.xcconfig; name = "Pods-EatList.release.xcconfig"; path = "Target Support Files/Pods-EatList/Pods-EatList.release.xcconfig"; sourceTree = "<group>"; };
		4C3BD87D8BFCE77FC58BF345 /* Pods-EatList.debug.xcconfig */ = {isa = PBXFileReference; includeInIndex = 1; lastKnownFileType = text.xcconfig; name = "Pods-EatList.debug.xcconfig"; path = "Target Support Files/Pods-EatList/Pods-EatList.debug.xcconfig"; sourceTree = "<group>"; };
		4E2759F0D26129D862409D1A /* Pods_EatList.framework */ = {isa = PBXFileReference; explicitFileType = wrapper.framework; includeInIndex = 0; path = Pods_EatList.framework; sourceTree = BUILT_PRODUCTS_DIR; };
		4FAF26FE259A2F5C00218656 /* EatList.app */ = {isa = PBXFileReference; explicitFileType = wrapper.application; includeInIndex = 0; path = EatList.app; sourceTree = BUILT_PRODUCTS_DIR; };
		4FAF2701259A2F5C00218656 /* AppDelegate.swift */ = {isa = PBXFileReference; lastKnownFileType = sourcecode.swift; path = AppDelegate.swift; sourceTree = "<group>"; };
		4FAF2703259A2F5C00218656 /* SceneDelegate.swift */ = {isa = PBXFileReference; lastKnownFileType = sourcecode.swift; path = SceneDelegate.swift; sourceTree = "<group>"; };
		4FAF270A259A2F5D00218656 /* Assets.xcassets */ = {isa = PBXFileReference; lastKnownFileType = folder.assetcatalog; path = Assets.xcassets; sourceTree = "<group>"; };
		4FAF270D259A2F5D00218656 /* Base */ = {isa = PBXFileReference; lastKnownFileType = file.storyboard; name = Base; path = Base.lproj/LaunchScreen.storyboard; sourceTree = "<group>"; };
		4FAF270F259A2F5D00218656 /* Info.plist */ = {isa = PBXFileReference; lastKnownFileType = text.plist.xml; path = Info.plist; sourceTree = "<group>"; };
		4FAF271D259A34C200218656 /* EatListViewController.swift */ = {isa = PBXFileReference; lastKnownFileType = sourcecode.swift; path = EatListViewController.swift; sourceTree = SOURCE_ROOT; };
		4FAF2720259A34D100218656 /* TargetDetailsViewController.swift */ = {isa = PBXFileReference; lastKnownFileType = sourcecode.swift; path = TargetDetailsViewController.swift; sourceTree = "<group>"; };
		4FAF2724259A357A00218656 /* Coordinator.swift */ = {isa = PBXFileReference; lastKnownFileType = sourcecode.swift; path = Coordinator.swift; sourceTree = "<group>"; };
		4FAF2729259A35AF00218656 /* MainCoordinator.swift */ = {isa = PBXFileReference; lastKnownFileType = sourcecode.swift; path = MainCoordinator.swift; sourceTree = "<group>"; };
		4FAF2735259A3A0500218656 /* R.generated.swift */ = {isa = PBXFileReference; fileEncoding = 4; lastKnownFileType = sourcecode.swift; path = R.generated.swift; sourceTree = SOURCE_ROOT; };
/* End PBXFileReference section */

/* Begin PBXFrameworksBuildPhase section */
		4FAF26FB259A2F5C00218656 /* Frameworks */ = {
			isa = PBXFrameworksBuildPhase;
			buildActionMask = 2147483647;
			files = (
				2EF475E1CD122EB2A0D250C7 /* Pods_EatList.framework in Frameworks */,
			);
			runOnlyForDeploymentPostprocessing = 0;
		};
/* End PBXFrameworksBuildPhase section */

/* Begin PBXGroup section */
		4FAF26F5259A2F5C00218656 = {
			isa = PBXGroup;
			children = (
				4FAF2700259A2F5C00218656 /* EatList */,
				4FAF26FF259A2F5C00218656 /* Products */,
				A52B9B1D9C09C63E1F9CEE99 /* Pods */,
				83A4B2FF5A965924F456B629 /* Frameworks */,
			);
			sourceTree = "<group>";
		};
		4FAF26FF259A2F5C00218656 /* Products */ = {
			isa = PBXGroup;
			children = (
				4FAF26FE259A2F5C00218656 /* EatList.app */,
			);
			name = Products;
			sourceTree = "<group>";
		};
		4FAF2700259A2F5C00218656 /* EatList */ = {
			isa = PBXGroup;
			children = (
				4FAF2728259A35A300218656 /* Coordinators */,
				4FAF2723259A356C00218656 /* Protocols */,
				4FAF2719259A33E700218656 /* Screens */,
				4FAF2701259A2F5C00218656 /* AppDelegate.swift */,
				4FAF2703259A2F5C00218656 /* SceneDelegate.swift */,
				4FAF2735259A3A0500218656 /* R.generated.swift */,
				4FAF270A259A2F5D00218656 /* Assets.xcassets */,
				4FAF270C259A2F5D00218656 /* LaunchScreen.storyboard */,
				4FAF270F259A2F5D00218656 /* Info.plist */,
			);
			path = EatList;
			sourceTree = "<group>";
		};
		4FAF2719259A33E700218656 /* Screens */ = {
			isa = PBXGroup;
			children = (
				4FAF271A259A340300218656 /* EatList */,
				4FAF271C259A34AA00218656 /* TargetDetails */,
			);
			path = Screens;
			sourceTree = "<group>";
		};
		4FAF271A259A340300218656 /* EatList */ = {
			isa = PBXGroup;
			children = (
				4FAF271D259A34C200218656 /* EatListViewController.swift */,
			);
			path = EatList;
			sourceTree = "<group>";
		};
		4FAF271C259A34AA00218656 /* TargetDetails */ = {
			isa = PBXGroup;
			children = (
				4FAF2720259A34D100218656 /* TargetDetailsViewController.swift */,
			);
			path = TargetDetails;
			sourceTree = "<group>";
		};
		4FAF2723259A356C00218656 /* Protocols */ = {
			isa = PBXGroup;
			children = (
				4FAF2724259A357A00218656 /* Coordinator.swift */,
			);
			path = Protocols;
			sourceTree = "<group>";
		};
		4FAF2728259A35A300218656 /* Coordinators */ = {
			isa = PBXGroup;
			children = (
				4FAF2729259A35AF00218656 /* MainCoordinator.swift */,
			);
			path = Coordinators;
			sourceTree = "<group>";
		};
		83A4B2FF5A965924F456B629 /* Frameworks */ = {
			isa = PBXGroup;
			children = (
				4E2759F0D26129D862409D1A /* Pods_EatList.framework */,
			);
			name = Frameworks;
			sourceTree = "<group>";
		};
		A52B9B1D9C09C63E1F9CEE99 /* Pods */ = {
			isa = PBXGroup;
			children = (
				4C3BD87D8BFCE77FC58BF345 /* Pods-EatList.debug.xcconfig */,
				0D385FB4DAE7614D5ADEB5C3 /* Pods-EatList.release.xcconfig */,
			);
			path = Pods;
			sourceTree = "<group>";
		};
/* End PBXGroup section */

/* Begin PBXNativeTarget section */
		4FAF26FD259A2F5C00218656 /* EatList */ = {
			isa = PBXNativeTarget;
			buildConfigurationList = 4FAF2712259A2F5D00218656 /* Build configuration list for PBXNativeTarget "EatList" */;
			buildPhases = (
				94A622C630E7993F737608D2 /* [CP] Check Pods Manifest.lock */,
				4FAF2733259A39B400218656 /* ShellScript */,
				4FAF26FA259A2F5C00218656 /* Sources */,
				4FAF26FB259A2F5C00218656 /* Frameworks */,
				4FAF26FC259A2F5C00218656 /* Resources */,
				899B25B9A338029F32BC30DD /* [CP] Embed Pods Frameworks */,
			);
			buildRules = (
			);
			dependencies = (
			);
			name = EatList;
			productName = EatList;
			productReference = 4FAF26FE259A2F5C00218656 /* EatList.app */;
			productType = "com.apple.product-type.application";
		};
/* End PBXNativeTarget section */

/* Begin PBXProject section */
		4FAF26F6259A2F5C00218656 /* Project object */ = {
			isa = PBXProject;
			attributes = {
				LastSwiftUpdateCheck = 1230;
				LastUpgradeCheck = 1230;
				TargetAttributes = {
					4FAF26FD259A2F5C00218656 = {
						CreatedOnToolsVersion = 12.3;
					};
				};
			};
			buildConfigurationList = 4FAF26F9259A2F5C00218656 /* Build configuration list for PBXProject "EatList" */;
			compatibilityVersion = "Xcode 9.3";
			developmentRegion = en;
			hasScannedForEncodings = 0;
			knownRegions = (
				en,
				Base,
			);
			mainGroup = 4FAF26F5259A2F5C00218656;
			productRefGroup = 4FAF26FF259A2F5C00218656 /* Products */;
			projectDirPath = "";
			projectRoot = "";
			targets = (
				4FAF26FD259A2F5C00218656 /* EatList */,
			);
		};
/* End PBXProject section */

/* Begin PBXResourcesBuildPhase section */
		4FAF26FC259A2F5C00218656 /* Resources */ = {
			isa = PBXResourcesBuildPhase;
			buildActionMask = 2147483647;
			files = (
				4FAF270E259A2F5D00218656 /* LaunchScreen.storyboard in Resources */,
				4FAF270B259A2F5D00218656 /* Assets.xcassets in Resources */,
			);
			runOnlyForDeploymentPostprocessing = 0;
		};
/* End PBXResourcesBuildPhase section */

/* Begin PBXShellScriptBuildPhase section */
		4FAF2733259A39B400218656 /* ShellScript */ = {
			isa = PBXShellScriptBuildPhase;
			buildActionMask = 2147483647;
			files = (
			);
			inputFileListPaths = (
			);
			inputPaths = (
				"$TEMP_DIR/rswift-lastrun",
			);
			outputFileListPaths = (
			);
			outputPaths = (
				$SRCROOT/R.generated.swift,
			);
			runOnlyForDeploymentPostprocessing = 0;
			shellPath = /bin/sh;
			shellScript = "\"$PODS_ROOT/R.swift/rswift\" generate \"$SRCROOT/R.generated.swift\"\n";
		};
		899B25B9A338029F32BC30DD /* [CP] Embed Pods Frameworks */ = {
			isa = PBXShellScriptBuildPhase;
			buildActionMask = 2147483647;
			files = (
			);
			inputFileListPaths = (
				"${PODS_ROOT}/Target Support Files/Pods-EatList/Pods-EatList-frameworks-${CONFIGURATION}-input-files.xcfilelist",
			);
			name = "[CP] Embed Pods Frameworks";
			outputFileListPaths = (
				"${PODS_ROOT}/Target Support Files/Pods-EatList/Pods-EatList-frameworks-${CONFIGURATION}-output-files.xcfilelist",
			);
			runOnlyForDeploymentPostprocessing = 0;
			shellPath = /bin/sh;
			shellScript = "\"${PODS_ROOT}/Target Support Files/Pods-EatList/Pods-EatList-frameworks.sh\"\n";
			showEnvVarsInLog = 0;
		};
		94A622C630E7993F737608D2 /* [CP] Check Pods Manifest.lock */ = {
			isa = PBXShellScriptBuildPhase;
			buildActionMask = 2147483647;
			files = (
			);
			inputFileListPaths = (
			);
			inputPaths = (
				"${PODS_PODFILE_DIR_PATH}/Podfile.lock",
				"${PODS_ROOT}/Manifest.lock",
			);
			name = "[CP] Check Pods Manifest.lock";
			outputFileListPaths = (
			);
			outputPaths = (
				"$(DERIVED_FILE_DIR)/Pods-EatList-checkManifestLockResult.txt",
			);
			runOnlyForDeploymentPostprocessing = 0;
			shellPath = /bin/sh;
			shellScript = "diff \"${PODS_PODFILE_DIR_PATH}/Podfile.lock\" \"${PODS_ROOT}/Manifest.lock\" > /dev/null\nif [ $? != 0 ] ; then\n    # print error to STDERR\n    echo \"error: The sandbox is not in sync with the Podfile.lock. Run 'pod install' or update your CocoaPods installation.\" >&2\n    exit 1\nfi\n# This output is used by Xcode 'outputs' to avoid re-running this script phase.\necho \"SUCCESS\" > \"${SCRIPT_OUTPUT_FILE_0}\"\n";
			showEnvVarsInLog = 0;
		};
/* End PBXShellScriptBuildPhase section */

/* Begin PBXSourcesBuildPhase section */
		4FAF26FA259A2F5C00218656 /* Sources */ = {
			isa = PBXSourcesBuildPhase;
			buildActionMask = 2147483647;
			files = (
				4FAF272A259A35AF00218656 /* MainCoordinator.swift in Sources */,
				4FAF2736259A3A0500218656 /* R.generated.swift in Sources */,
				4FAF2702259A2F5C00218656 /* AppDelegate.swift in Sources */,
				4FAF2725259A357A00218656 /* Coordinator.swift in Sources */,
				4FAF2721259A34D100218656 /* TargetDetailsViewController.swift in Sources */,
				4FAF2704259A2F5C00218656 /* SceneDelegate.swift in Sources */,
				4FAF271E259A34C200218656 /* EatListViewController.swift in Sources */,
			);
			runOnlyForDeploymentPostprocessing = 0;
		};
/* End PBXSourcesBuildPhase section */

/* Begin PBXVariantGroup section */
		4FAF270C259A2F5D00218656 /* LaunchScreen.storyboard */ = {
			isa = PBXVariantGroup;
			children = (
				4FAF270D259A2F5D00218656 /* Base */,
			);
			name = LaunchScreen.storyboard;
			sourceTree = "<group>";
		};
/* End PBXVariantGroup section */

/* Begin XCBuildConfiguration section */
		4FAF2710259A2F5D00218656 /* Debug */ = {
			isa = XCBuildConfiguration;
			buildSettings = {
				ALWAYS_SEARCH_USER_PATHS = NO;
				CLANG_ANALYZER_NONNULL = YES;
				CLANG_ANALYZER_NUMBER_OBJECT_CONVERSION = YES_AGGRESSIVE;
				CLANG_CXX_LANGUAGE_STANDARD = "gnu++14";
				CLANG_CXX_LIBRARY = "libc++";
				CLANG_ENABLE_MODULES = YES;
				CLANG_ENABLE_OBJC_ARC = YES;
				CLANG_ENABLE_OBJC_WEAK = YES;
				CLANG_WARN_BLOCK_CAPTURE_AUTORELEASING = YES;
				CLANG_WARN_BOOL_CONVERSION = YES;
				CLANG_WARN_COMMA = YES;
				CLANG_WARN_CONSTANT_CONVERSION = YES;
				CLANG_WARN_DEPRECATED_OBJC_IMPLEMENTATIONS = YES;
				CLANG_WARN_DIRECT_OBJC_ISA_USAGE = YES_ERROR;
				CLANG_WARN_DOCUMENTATION_COMMENTS = YES;
				CLANG_WARN_EMPTY_BODY = YES;
				CLANG_WARN_ENUM_CONVERSION = YES;
				CLANG_WARN_INFINITE_RECURSION = YES;
				CLANG_WARN_INT_CONVERSION = YES;
				CLANG_WARN_NON_LITERAL_NULL_CONVERSION = YES;
				CLANG_WARN_OBJC_IMPLICIT_RETAIN_SELF = YES;
				CLANG_WARN_OBJC_LITERAL_CONVERSION = YES;
				CLANG_WARN_OBJC_ROOT_CLASS = YES_ERROR;
				CLANG_WARN_QUOTED_INCLUDE_IN_FRAMEWORK_HEADER = YES;
				CLANG_WARN_RANGE_LOOP_ANALYSIS = YES;
				CLANG_WARN_STRICT_PROTOTYPES = YES;
				CLANG_WARN_SUSPICIOUS_MOVE = YES;
				CLANG_WARN_UNGUARDED_AVAILABILITY = YES_AGGRESSIVE;
				CLANG_WARN_UNREACHABLE_CODE = YES;
				CLANG_WARN__DUPLICATE_METHOD_MATCH = YES;
				COPY_PHASE_STRIP = NO;
				DEBUG_INFORMATION_FORMAT = dwarf;
				ENABLE_STRICT_OBJC_MSGSEND = YES;
				ENABLE_TESTABILITY = YES;
				GCC_C_LANGUAGE_STANDARD = gnu11;
				GCC_DYNAMIC_NO_PIC = NO;
				GCC_NO_COMMON_BLOCKS = YES;
				GCC_OPTIMIZATION_LEVEL = 0;
				GCC_PREPROCESSOR_DEFINITIONS = (
					"DEBUG=1",
					"$(inherited)",
				);
				GCC_WARN_64_TO_32_BIT_CONVERSION = YES;
				GCC_WARN_ABOUT_RETURN_TYPE = YES_ERROR;
				GCC_WARN_UNDECLARED_SELECTOR = YES;
				GCC_WARN_UNINITIALIZED_AUTOS = YES_AGGRESSIVE;
				GCC_WARN_UNUSED_FUNCTION = YES;
				GCC_WARN_UNUSED_VARIABLE = YES;
				IPHONEOS_DEPLOYMENT_TARGET = 11.0;
				MTL_ENABLE_DEBUG_INFO = INCLUDE_SOURCE;
				MTL_FAST_MATH = YES;
				ONLY_ACTIVE_ARCH = YES;
				SDKROOT = iphoneos;
				SWIFT_ACTIVE_COMPILATION_CONDITIONS = DEBUG;
				SWIFT_OPTIMIZATION_LEVEL = "-Onone";
			};
			name = Debug;
		};
		4FAF2711259A2F5D00218656 /* Release */ = {
			isa = XCBuildConfiguration;
			buildSettings = {
				ALWAYS_SEARCH_USER_PATHS = NO;
				CLANG_ANALYZER_NONNULL = YES;
				CLANG_ANALYZER_NUMBER_OBJECT_CONVERSION = YES_AGGRESSIVE;
				CLANG_CXX_LANGUAGE_STANDARD = "gnu++14";
				CLANG_CXX_LIBRARY = "libc++";
				CLANG_ENABLE_MODULES = YES;
				CLANG_ENABLE_OBJC_ARC = YES;
				CLANG_ENABLE_OBJC_WEAK = YES;
				CLANG_WARN_BLOCK_CAPTURE_AUTORELEASING = YES;
				CLANG_WARN_BOOL_CONVERSION = YES;
				CLANG_WARN_COMMA = YES;
				CLANG_WARN_CONSTANT_CONVERSION = YES;
				CLANG_WARN_DEPRECATED_OBJC_IMPLEMENTATIONS = YES;
				CLANG_WARN_DIRECT_OBJC_ISA_USAGE = YES_ERROR;
				CLANG_WARN_DOCUMENTATION_COMMENTS = YES;
				CLANG_WARN_EMPTY_BODY = YES;
				CLANG_WARN_ENUM_CONVERSION = YES;
				CLANG_WARN_INFINITE_RECURSION = YES;
				CLANG_WARN_INT_CONVERSION = YES;
				CLANG_WARN_NON_LITERAL_NULL_CONVERSION = YES;
				CLANG_WARN_OBJC_IMPLICIT_RETAIN_SELF = YES;
				CLANG_WARN_OBJC_LITERAL_CONVERSION = YES;
				CLANG_WARN_OBJC_ROOT_CLASS = YES_ERROR;
				CLANG_WARN_QUOTED_INCLUDE_IN_FRAMEWORK_HEADER = YES;
				CLANG_WARN_RANGE_LOOP_ANALYSIS = YES;
				CLANG_WARN_STRICT_PROTOTYPES = YES;
				CLANG_WARN_SUSPICIOUS_MOVE = YES;
				CLANG_WARN_UNGUARDED_AVAILABILITY = YES_AGGRESSIVE;
				CLANG_WARN_UNREACHABLE_CODE = YES;
				CLANG_WARN__DUPLICATE_METHOD_MATCH = YES;
				COPY_PHASE_STRIP = NO;
				DEBUG_INFORMATION_FORMAT = "dwarf-with-dsym";
				ENABLE_NS_ASSERTIONS = NO;
				ENABLE_STRICT_OBJC_MSGSEND = YES;
				GCC_C_LANGUAGE_STANDARD = gnu11;
				GCC_NO_COMMON_BLOCKS = YES;
				GCC_WARN_64_TO_32_BIT_CONVERSION = YES;
				GCC_WARN_ABOUT_RETURN_TYPE = YES_ERROR;
				GCC_WARN_UNDECLARED_SELECTOR = YES;
				GCC_WARN_UNINITIALIZED_AUTOS = YES_AGGRESSIVE;
				GCC_WARN_UNUSED_FUNCTION = YES;
				GCC_WARN_UNUSED_VARIABLE = YES;
				IPHONEOS_DEPLOYMENT_TARGET = 11.0;
				MTL_ENABLE_DEBUG_INFO = NO;
				MTL_FAST_MATH = YES;
				SDKROOT = iphoneos;
				SWIFT_COMPILATION_MODE = wholemodule;
				SWIFT_OPTIMIZATION_LEVEL = "-O";
				VALIDATE_PRODUCT = YES;
			};
			name = Release;
		};
		4FAF2713259A2F5D00218656 /* Debug */ = {
			isa = XCBuildConfiguration;
			baseConfigurationReference = 4C3BD87D8BFCE77FC58BF345 /* Pods-EatList.debug.xcconfig */;
			buildSettings = {
				ASSETCATALOG_COMPILER_APPICON_NAME = AppIcon;
				ASSETCATALOG_COMPILER_GLOBAL_ACCENT_COLOR_NAME = AccentColor;
				CODE_SIGN_STYLE = Automatic;
				DEVELOPMENT_TEAM = 3JA7VCGA8D;
				INFOPLIST_FILE = EatList/Info.plist;
				LD_RUNPATH_SEARCH_PATHS = (
					"$(inherited)",
					"@executable_path/Frameworks",
				);
				PRODUCT_BUNDLE_IDENTIFIER = com.cia.EatList;
				PRODUCT_NAME = "$(TARGET_NAME)";
				SWIFT_VERSION = 5.0;
				TARGETED_DEVICE_FAMILY = "1,2";
			};
			name = Debug;
		};
		4FAF2714259A2F5D00218656 /* Release */ = {
			isa = XCBuildConfiguration;
			baseConfigurationReference = 0D385FB4DAE7614D5ADEB5C3 /* Pods-EatList.release.xcconfig */;
			buildSettings = {
				ASSETCATALOG_COMPILER_APPICON_NAME = AppIcon;
				ASSETCATALOG_COMPILER_GLOBAL_ACCENT_COLOR_NAME = AccentColor;
				CODE_SIGN_STYLE = Automatic;
				DEVELOPMENT_TEAM = 3JA7VCGA8D;
				INFOPLIST_FILE = EatList/Info.plist;
				LD_RUNPATH_SEARCH_PATHS = (
					"$(inherited)",
					"@executable_path/Frameworks",
				);
				PRODUCT_BUNDLE_IDENTIFIER = com.cia.EatList;
				PRODUCT_NAME = "$(TARGET_NAME)";
				SWIFT_VERSION = 5.0;
				TARGETED_DEVICE_FAMILY = "1,2";
			};
			name = Release;
		};
/* End XCBuildConfiguration section */

/* Begin XCConfigurationList section */
		4FAF26F9259A2F5C00218656 /* Build configuration list for PBXProject "EatList" */ = {
			isa = XCConfigurationList;
			buildConfigurations = (
				4FAF2710259A2F5D00218656 /* Debug */,
				4FAF2711259A2F5D00218656 /* Release */,
			);
			defaultConfigurationIsVisible = 0;
			defaultConfigurationName = Release;
		};
		4FAF2712259A2F5D00218656 /* Build configuration list for PBXNativeTarget "EatList" */ = {
			isa = XCConfigurationList;
			buildConfigurations = (
				4FAF2713259A2F5D00218656 /* Debug */,
				4FAF2714259A2F5D00218656 /* Release */,
			);
			defaultConfigurationIsVisible = 0;
			defaultConfigurationName = Release;
		};
/* End XCConfigurationList section */
	};
	rootObject = 4FAF26F6259A2F5C00218656 /* Project object */;
}
